
Microsoft Visual Studio Solution File, Format Version 12.00
# Visual Studio Version 16
VisualStudioVersion = 16.0.29709.97
MinimumVisualStudioVersion = 10.0.40219.1
Project("{9A19103F-16F7-4668-BE54-9A1E7A4F7556}") = "ConsoleApp1", "ConsoleApp1\ConsoleApp1.csproj", "{76E3015D-724E-445A-853E-BB5F2F303843}"
EndProject
Project("{FAE04EC0-301F-11D3-BF4B-00C04F79EFBC}") = "34", "34\34.csproj", "{C88E7E3B-1B01-4E62-BFCE-3B0D69A4A1EC}"
EndProject
Global
	GlobalSection(SolutionConfigurationPlatforms) = preSolution
		Debug|Any CPU = Debug|Any CPU
		Release|Any CPU = Release|Any CPU
	EndGlobalSection
	GlobalSection(ProjectConfigurationPlatforms) = postSolution
		{76E3015D-724E-445A-853E-BB5F2F303843}.Debug|Any CPU.ActiveCfg = Debug|Any CPU
		{76E3015D-724E-445A-853E-BB5F2F303843}.Debug|Any CPU.Build.0 = Debug|Any CPU
		{76E3015D-724E-445A-853E-BB5F2F303843}.Release|Any CPU.ActiveCfg = Release|Any CPU
		{76E3015D-724E-445A-853E-BB5F2F303843}.Release|Any CPU.Build.0 = Release|Any CPU
		{C88E7E3B-1B01-4E62-BFCE-3B0D69A4A1EC}.Debug|Any CPU.ActiveCfg = Debug|Any CPU
		{C88E7E3B-1B01-4E62-BFCE-3B0D69A4A1EC}.Debug|Any CPU.Build.0 = Debug|Any CPU
		{C88E7E3B-1B01-4E62-BFCE-3B0D69A4A1EC}.Release|Any CPU.ActiveCfg = Release|Any CPU
		{C88E7E3B-1B01-4E62-BFCE-3B0D69A4A1EC}.Release|Any CPU.Build.0 = Release|Any CPU
	EndGlobalSection
	GlobalSection(SolutionProperties) = preSolution
		HideSolutionNode = FALSE
	EndGlobalSection
	GlobalSection(ExtensibilityGlobals) = postSolution
		SolutionGuid = {06C17259-1E8D-4E84-BCF1-2B675EC86195}
	EndGlobalSection
EndGlobal
